
Microsoft Visual Studio Solution File, Format Version 12.00
# Visual Studio 15
VisualStudioVersion = 15.0.28307.136
MinimumVisualStudioVersion = 10.0.40219.1
Project("{FAE04EC0-301F-11D3-BF4B-00C04F79EFBC}") = "VideoToImage", "VideoToImage\VideoToImage.csproj", "{A7EE994C-9325-4517-B1CF-7D8589654C95}"
EndProject
Global
	GlobalSection(SolutionConfigurationPlatforms) = preSolution
		Debug|Any CPU = Debug|Any CPU
		Release|Any CPU = Release|Any CPU
	EndGlobalSection
	GlobalSection(ProjectConfigurationPlatforms) = postSolution
		{A7EE994C-9325-4517-B1CF-7D8589654C95}.Debug|Any CPU.ActiveCfg = Debug|Any CPU
		{A7EE994C-9325-4517-B1CF-7D8589654C95}.Debug|Any CPU.Build.0 = Debug|Any CPU
		{A7EE994C-9325-4517-B1CF-7D8589654C95}.Release|Any CPU.ActiveCfg = Release|Any CPU
		{A7EE994C-9325-4517-B1CF-7D8589654C95}.Release|Any CPU.Build.0 = Release|Any CPU
	EndGlobalSection
	GlobalSection(SolutionProperties) = preSolution
		HideSolutionNode = FALSE
	EndGlobalSection
	GlobalSection(ExtensibilityGlobals) = postSolution
		SolutionGuid = {3848ECB4-C82C-42F4-883C-DBD3EAE11E8E}
	EndGlobalSection
EndGlobal
